{
  "version": "5",
  "specifiers": {
    "jsr:@luca/cases@1": "1.0.0",
    "jsr:@std/assert@1": "1.0.13",
    "jsr:@std/assert@^1.0.13": "1.0.13",
    "jsr:@std/async@^1.0.13": "1.0.13",
    "jsr:@std/data-structures@^1.0.8": "1.0.8",
    "jsr:@std/fs@^1.0.18": "1.0.18",
    "jsr:@std/internal@^1.0.6": "1.0.8",
    "jsr:@std/internal@^1.0.8": "1.0.8",
    "jsr:@std/path@^1.1.0": "1.1.0",
    "jsr:@std/testing@^1.0.14": "1.0.14",
    "npm:dom@^0.0.3": "0.0.3",
    "npm:hono@^4.7.11": "4.7.11",
    "npm:ns-api@^4.1.2": "4.1.2"
  },
  "jsr": {
    "@luca/cases@1.0.0": {
      "integrity": "b5f9471f1830595e63a2b7d62821ac822a19e16899e6584799be63f17a1fbc30"
    },
    "@std/assert@1.0.13": {
      "integrity": "ae0d31e41919b12c656c742b22522c32fb26ed0cba32975cb0de2a273cb68b29",
      "dependencies": [
        "jsr:@std/internal@^1.0.6"
      ]
    },
    "@std/async@1.0.13": {
      "integrity": "1d76ca5d324aef249908f7f7fe0d39aaf53198e5420604a59ab5c035adc97c96"
    },
    "@std/data-structures@1.0.8": {
      "integrity": "2fb7219247e044c8fcd51341788547575653c82ae2c759ff209e0263ba7d9b66"
    },
    "@std/fs@1.0.18": {
      "integrity": "24bcad99eab1af4fde75e05da6e9ed0e0dce5edb71b7e34baacf86ffe3969f3a",
      "dependencies": [
        "jsr:@std/path"
      ]
    },
    "@std/internal@1.0.7": {
      "integrity": "39eeb5265190a7bc5d5591c9ff019490bd1f2c3907c044a11b0d545796158a0f"
    },
    "@std/internal@1.0.8": {
      "integrity": "fc66e846d8d38a47cffd274d80d2ca3f0de71040f855783724bb6b87f60891f5"
    },
    "@std/path@1.1.0": {
      "integrity": "ddc94f8e3c275627281cbc23341df6b8bcc874d70374f75fec2533521e3d6886"
    },
    "@std/testing@1.0.14": {
      "integrity": "144b3737105b9071cb50c957681f58a1b8ec0f3e5b19ad830f401c5fa931e8f0",
      "dependencies": [
        "jsr:@std/assert@^1.0.13",
        "jsr:@std/async",
        "jsr:@std/data-structures",
        "jsr:@std/fs",
        "jsr:@std/internal@^1.0.8",
        "jsr:@std/path"
      ]
    }
  },
  "npm": {
    "dom@0.0.3": {
      "integrity": "sha512-Uzda1zIAXO8JG2fm6IbJcdzBrRaC5Q308HTIjCXCQHh7ZVACJOeQzYYvd99plJ2/HUpZQk9IxNI/Y+QrO6poIQ=="
    },
    "hono@4.7.11": {
      "integrity": "sha512-rv0JMwC0KALbbmwJDEnxvQCeJh+xbS3KEWW5PC9cMJ08Ur9xgatI0HmtgYZfOdOSOeYsp5LO2cOhdI8cLEbDEQ=="
    },
    "ns-api@4.1.2": {
      "integrity": "sha512-yMV6RRx/yL1lC8KgETgJULS8pIE1gY5VC1RsINsbxcAqvji4JIHN6MwhDWZDoGKbN+sK91bzW8VnI7sA6PnSTQ=="
    }
  },
  "workspace": {
    "dependencies": [
      "jsr:@luca/cases@1",
      "jsr:@std/assert@1",
      "jsr:@std/fs@^1.0.18",
      "jsr:@std/path@^1.1.0",
      "jsr:@std/testing@^1.0.14",
      "npm:dom@^0.0.3",
      "npm:hono@^4.7.11",
      "npm:ns-api@^4.1.2"
    ]
  }
}
